
Microsoft Visual Studio Solution File, Format Version 12.00
# Visual Studio Version 17
VisualStudioVersion = 17.4.33403.182
MinimumVisualStudioVersion = 10.0.40219.1
Project("{FAE04EC0-301F-11D3-BF4B-00C04F79EFBC}") = "DistEkzamen_test", "DistEkzamen_test\DistEkzamen_test.csproj", "{347E65D6-C5BD-425D-843D-EFC8E34A7C17}"
EndProject
Global
	GlobalSection(SolutionConfigurationPlatforms) = preSolution
		Debug|Any CPU = Debug|Any CPU
		Release|Any CPU = Release|Any CPU
	EndGlobalSection
	GlobalSection(ProjectConfigurationPlatforms) = postSolution
		{347E65D6-C5BD-425D-843D-EFC8E34A7C17}.Debug|Any CPU.ActiveCfg = Debug|Any CPU
		{347E65D6-C5BD-425D-843D-EFC8E34A7C17}.Debug|Any CPU.Build.0 = Debug|Any CPU
		{347E65D6-C5BD-425D-843D-EFC8E34A7C17}.Release|Any CPU.ActiveCfg = Release|Any CPU
		{347E65D6-C5BD-425D-843D-EFC8E34A7C17}.Release|Any CPU.Build.0 = Release|Any CPU
	EndGlobalSection
	GlobalSection(SolutionProperties) = preSolution
		HideSolutionNode = FALSE
	EndGlobalSection
	GlobalSection(ExtensibilityGlobals) = postSolution
		SolutionGuid = {5B2E7421-E017-4159-A29D-BB4B3AEF34F2}
	EndGlobalSection
EndGlobal
